
Microsoft Visual Studio Solution File, Format Version 12.00
# Visual Studio Version 17
VisualStudioVersion = 17.3.32819.101
MinimumVisualStudioVersion = 10.0.40219.1
Project("{FAE04EC0-301F-11D3-BF4B-00C04F79EFBC}") = "Task-3", "Task-3\Task-3.csproj", "{D5E0784A-65CD-4CF1-809C-DB977272DDA8}"
EndProject
Global
	GlobalSection(SolutionConfigurationPlatforms) = preSolution
		Debug|Any CPU = Debug|Any CPU
		Release|Any CPU = Release|Any CPU
	EndGlobalSection
	GlobalSection(ProjectConfigurationPlatforms) = postSolution
		{D5E0784A-65CD-4CF1-809C-DB977272DDA8}.Debug|Any CPU.ActiveCfg = Debug|Any CPU
		{D5E0784A-65CD-4CF1-809C-DB977272DDA8}.Debug|Any CPU.Build.0 = Debug|Any CPU
		{D5E0784A-65CD-4CF1-809C-DB977272DDA8}.Release|Any CPU.ActiveCfg = Release|Any CPU
		{D5E0784A-65CD-4CF1-809C-DB977272DDA8}.Release|Any CPU.Build.0 = Release|Any CPU
	EndGlobalSection
	GlobalSection(SolutionProperties) = preSolution
		HideSolutionNode = FALSE
	EndGlobalSection
	GlobalSection(ExtensibilityGlobals) = postSolution
		SolutionGuid = {D26C1BE6-162E-404A-B662-04DF37167C4E}
	EndGlobalSection
EndGlobal
